// !$*UTF8*$!
{
	archiveVersion = 1;
	classes = {
	};
	objectVersion = 52;
	objects = {

/* Begin PBXBuildFile section */
		0B8C8EC023B854D300F79389 /* WolframAlpha.swift in Sources */ = {isa = PBXBuildFile; fileRef = 0B8C8EBE23B8546E00F79389 /* WolframAlpha.swift */; };
		0B94016C23B705A8005DE8CD /* Overture in Frameworks */ = {isa = PBXBuildFile; productRef = 0B94016B23B705A8005DE8CD /* Overture */; };
		0B94017B23B7419D005DE8CD /* Counter.framework in Frameworks */ = {isa = PBXBuildFile; fileRef = 0B94017223B7419D005DE8CD /* Counter.framework */; };
		0B94018223B7419D005DE8CD /* CounterTests.swift in Sources */ = {isa = PBXBuildFile; fileRef = 0B94018123B7419D005DE8CD /* CounterTests.swift */; };
		0B94018423B7419D005DE8CD /* Counter.h in Headers */ = {isa = PBXBuildFile; fileRef = 0B94017423B7419D005DE8CD /* Counter.h */; settings = {ATTRIBUTES = (Public, ); }; };
		0B94018723B7419D005DE8CD /* Counter.framework in Frameworks */ = {isa = PBXBuildFile; fileRef = 0B94017223B7419D005DE8CD /* Counter.framework */; };
		0B94018823B7419D005DE8CD /* Counter.framework in Embed Frameworks */ = {isa = PBXBuildFile; fileRef = 0B94017223B7419D005DE8CD /* Counter.framework */; settings = {ATTRIBUTES = (CodeSignOnCopy, RemoveHeadersOnCopy, ); }; };
		0B94019E23B741B5005DE8CD /* PrimeModal.framework in Frameworks */ = {isa = PBXBuildFile; fileRef = 0B94019523B741B5005DE8CD /* PrimeModal.framework */; };
		0B9401A523B741B5005DE8CD /* PrimeModalTests.swift in Sources */ = {isa = PBXBuildFile; fileRef = 0B9401A423B741B5005DE8CD /* PrimeModalTests.swift */; };
		0B9401A723B741B5005DE8CD /* PrimeModal.h in Headers */ = {isa = PBXBuildFile; fileRef = 0B94019723B741B5005DE8CD /* PrimeModal.h */; settings = {ATTRIBUTES = (Public, ); }; };
		0B9401AA23B741B5005DE8CD /* PrimeModal.framework in Frameworks */ = {isa = PBXBuildFile; fileRef = 0B94019523B741B5005DE8CD /* PrimeModal.framework */; };
		0B9401AB23B741B5005DE8CD /* PrimeModal.framework in Embed Frameworks */ = {isa = PBXBuildFile; fileRef = 0B94019523B741B5005DE8CD /* PrimeModal.framework */; settings = {ATTRIBUTES = (CodeSignOnCopy, RemoveHeadersOnCopy, ); }; };
		0B9401C023B741CA005DE8CD /* FavoritePrimes.framework in Frameworks */ = {isa = PBXBuildFile; fileRef = 0B9401B723B741C9005DE8CD /* FavoritePrimes.framework */; };
		0B9401C723B741CA005DE8CD /* FavoritePrimesTests.swift in Sources */ = {isa = PBXBuildFile; fileRef = 0B9401C623B741CA005DE8CD /* FavoritePrimesTests.swift */; };
		0B9401C923B741CA005DE8CD /* FavoritePrimes.h in Headers */ = {isa = PBXBuildFile; fileRef = 0B9401B923B741C9005DE8CD /* FavoritePrimes.h */; settings = {ATTRIBUTES = (Public, ); }; };
		0B9401CC23B741CA005DE8CD /* FavoritePrimes.framework in Frameworks */ = {isa = PBXBuildFile; fileRef = 0B9401B723B741C9005DE8CD /* FavoritePrimes.framework */; };
		0B9401CD23B741CA005DE8CD /* FavoritePrimes.framework in Embed Frameworks */ = {isa = PBXBuildFile; fileRef = 0B9401B723B741C9005DE8CD /* FavoritePrimes.framework */; settings = {ATTRIBUTES = (CodeSignOnCopy, RemoveHeadersOnCopy, ); }; };
		0B9401E223B74207005DE8CD /* ComposableArchitecture.framework in Frameworks */ = {isa = PBXBuildFile; fileRef = 0B9401D923B74207005DE8CD /* ComposableArchitecture.framework */; };
		0B9401E923B74207005DE8CD /* ComposableArchitectureTests.swift in Sources */ = {isa = PBXBuildFile; fileRef = 0B9401E823B74207005DE8CD /* ComposableArchitectureTests.swift */; };
		0B9401EB23B74207005DE8CD /* ComposableArchitecture.h in Headers */ = {isa = PBXBuildFile; fileRef = 0B9401DB23B74207005DE8CD /* ComposableArchitecture.h */; settings = {ATTRIBUTES = (Public, ); }; };
		0B9401EE23B74207005DE8CD /* ComposableArchitecture.framework in Frameworks */ = {isa = PBXBuildFile; fileRef = 0B9401D923B74207005DE8CD /* ComposableArchitecture.framework */; };
		0B9401EF23B74207005DE8CD /* ComposableArchitecture.framework in Embed Frameworks */ = {isa = PBXBuildFile; fileRef = 0B9401D923B74207005DE8CD /* ComposableArchitecture.framework */; settings = {ATTRIBUTES = (CodeSignOnCopy, RemoveHeadersOnCopy, ); }; };
		0B9401F723B74235005DE8CD /* ComposableArchitecture.swift in Sources */ = {isa = PBXBuildFile; fileRef = 0B9401F623B74235005DE8CD /* ComposableArchitecture.swift */; };
		0B9401F923B744F8005DE8CD /* FavoritePrimes.swift in Sources */ = {isa = PBXBuildFile; fileRef = 0B9401F823B744F8005DE8CD /* FavoritePrimes.swift */; };
		0B9401FB23B7463A005DE8CD /* Counter.swift in Sources */ = {isa = PBXBuildFile; fileRef = 0B9401FA23B7463A005DE8CD /* Counter.swift */; };
		0B9401FD23B74762005DE8CD /* PrimeModal.swift in Sources */ = {isa = PBXBuildFile; fileRef = 0B9401FC23B74762005DE8CD /* PrimeModal.swift */; };
		0BE59A2B238CB0BB003DD356 /* AppDelegate.swift in Sources */ = {isa = PBXBuildFile; fileRef = 0BE59A2A238CB0BB003DD356 /* AppDelegate.swift */; };
		0BE59A2D238CB0BB003DD356 /* SceneDelegate.swift in Sources */ = {isa = PBXBuildFile; fileRef = 0BE59A2C238CB0BB003DD356 /* SceneDelegate.swift */; };
		0BE59A2F238CB0BB003DD356 /* ContentView.swift in Sources */ = {isa = PBXBuildFile; fileRef = 0BE59A2E238CB0BB003DD356 /* ContentView.swift */; };
		0BE59A31238CB0BD003DD356 /* Assets.xcassets in Resources */ = {isa = PBXBuildFile; fileRef = 0BE59A30238CB0BD003DD356 /* Assets.xcassets */; };
		0BE59A34238CB0BD003DD356 /* Preview Assets.xcassets in Resources */ = {isa = PBXBuildFile; fileRef = 0BE59A33238CB0BD003DD356 /* Preview Assets.xcassets */; };
		0BE59A37238CB0BD003DD356 /* LaunchScreen.storyboard in Resources */ = {isa = PBXBuildFile; fileRef = 0BE59A35238CB0BD003DD356 /* LaunchScreen.storyboard */; };
		0BE59A42238CB0BD003DD356 /* ComposableArchitectureSinglePageTests.swift in Sources */ = {isa = PBXBuildFile; fileRef = 0BE59A41238CB0BD003DD356 /* ComposableArchitectureSinglePageTests.swift */; };
		0BE59A4D238CB0BD003DD356 /* ComposableArchitectureSinglePageUITests.swift in Sources */ = {isa = PBXBuildFile; fileRef = 0BE59A4C238CB0BD003DD356 /* ComposableArchitectureSinglePageUITests.swift */; };
		0BE59A5B238CCA9A003DD356 /* Utils.swift in Sources */ = {isa = PBXBuildFile; fileRef = 0BE59A5A238CCA9A003DD356 /* Utils.swift */; };
/* End PBXBuildFile section */

/* Begin PBXContainerItemProxy section */
		0B8C8EBC23B853AD00F79389 /* PBXContainerItemProxy */ = {
			isa = PBXContainerItemProxy;
			containerPortal = 0BE59A1F238CB0BB003DD356 /* Project object */;
			proxyType = 1;
			remoteGlobalIDString = 0B94019423B741B5005DE8CD;
			remoteInfo = PrimeModal;
		};
		0B94017C23B7419D005DE8CD /* PBXContainerItemProxy */ = {
			isa = PBXContainerItemProxy;
			containerPortal = 0BE59A1F238CB0BB003DD356 /* Project object */;
			proxyType = 1;
			remoteGlobalIDString = 0B94017123B7419D005DE8CD;
			remoteInfo = Counter;
		};
		0B94017E23B7419D005DE8CD /* PBXContainerItemProxy */ = {
			isa = PBXContainerItemProxy;
			containerPortal = 0BE59A1F238CB0BB003DD356 /* Project object */;
			proxyType = 1;
			remoteGlobalIDString = 0BE59A26238CB0BB003DD356;
			remoteInfo = ComposableArchitectureSinglePage;
		};
		0B94018523B7419D005DE8CD /* PBXContainerItemProxy */ = {
			isa = PBXContainerItemProxy;
			containerPortal = 0BE59A1F238CB0BB003DD356 /* Project object */;
			proxyType = 1;
			remoteGlobalIDString = 0B94017123B7419D005DE8CD;
			remoteInfo = Counter;
		};
		0B94019F23B741B5005DE8CD /* PBXContainerItemProxy */ = {
			isa = PBXContainerItemProxy;
			containerPortal = 0BE59A1F238CB0BB003DD356 /* Project object */;
			proxyType = 1;
			remoteGlobalIDString = 0B94019423B741B5005DE8CD;
			remoteInfo = PrimeModal;
		};
		0B9401A123B741B5005DE8CD /* PBXContainerItemProxy */ = {
			isa = PBXContainerItemProxy;
			containerPortal = 0BE59A1F238CB0BB003DD356 /* Project object */;
			proxyType = 1;
			remoteGlobalIDString = 0BE59A26238CB0BB003DD356;
			remoteInfo = ComposableArchitectureSinglePage;
		};
		0B9401A823B741B5005DE8CD /* PBXContainerItemProxy */ = {
			isa = PBXContainerItemProxy;
			containerPortal = 0BE59A1F238CB0BB003DD356 /* Project object */;
			proxyType = 1;
			remoteGlobalIDString = 0B94019423B741B5005DE8CD;
			remoteInfo = PrimeModal;
		};
		0B9401C123B741CA005DE8CD /* PBXContainerItemProxy */ = {
			isa = PBXContainerItemProxy;
			containerPortal = 0BE59A1F238CB0BB003DD356 /* Project object */;
			proxyType = 1;
			remoteGlobalIDString = 0B9401B623B741C9005DE8CD;
			remoteInfo = FavoritePrimes;
		};
		0B9401C323B741CA005DE8CD /* PBXContainerItemProxy */ = {
			isa = PBXContainerItemProxy;
			containerPortal = 0BE59A1F238CB0BB003DD356 /* Project object */;
			proxyType = 1;
			remoteGlobalIDString = 0BE59A26238CB0BB003DD356;
			remoteInfo = ComposableArchitectureSinglePage;
		};
		0B9401CA23B741CA005DE8CD /* PBXContainerItemProxy */ = {
			isa = PBXContainerItemProxy;
			containerPortal = 0BE59A1F238CB0BB003DD356 /* Project object */;
			proxyType = 1;
			remoteGlobalIDString = 0B9401B623B741C9005DE8CD;
			remoteInfo = FavoritePrimes;
		};
		0B9401E323B74207005DE8CD /* PBXContainerItemProxy */ = {
			isa = PBXContainerItemProxy;
			containerPortal = 0BE59A1F238CB0BB003DD356 /* Project object */;
			proxyType = 1;
			remoteGlobalIDString = 0B9401D823B74207005DE8CD;
			remoteInfo = ComposableArchitecture;
		};
		0B9401E523B74207005DE8CD /* PBXContainerItemProxy */ = {
			isa = PBXContainerItemProxy;
			containerPortal = 0BE59A1F238CB0BB003DD356 /* Project object */;
			proxyType = 1;
			remoteGlobalIDString = 0BE59A26238CB0BB003DD356;
			remoteInfo = ComposableArchitectureSinglePage;
		};
		0B9401EC23B74207005DE8CD /* PBXContainerItemProxy */ = {
			isa = PBXContainerItemProxy;
			containerPortal = 0BE59A1F238CB0BB003DD356 /* Project object */;
			proxyType = 1;
			remoteGlobalIDString = 0B9401D823B74207005DE8CD;
			remoteInfo = ComposableArchitecture;
		};
		0BE59A3E238CB0BD003DD356 /* PBXContainerItemProxy */ = {
			isa = PBXContainerItemProxy;
			containerPortal = 0BE59A1F238CB0BB003DD356 /* Project object */;
			proxyType = 1;
			remoteGlobalIDString = 0BE59A26238CB0BB003DD356;
			remoteInfo = ComposableArchitectureSinglePage;
		};
		0BE59A49238CB0BD003DD356 /* PBXContainerItemProxy */ = {
			isa = PBXContainerItemProxy;
			containerPortal = 0BE59A1F238CB0BB003DD356 /* Project object */;
			proxyType = 1;
			remoteGlobalIDString = 0BE59A26238CB0BB003DD356;
			remoteInfo = ComposableArchitectureSinglePage;
		};
/* End PBXContainerItemProxy section */

/* Begin PBXCopyFilesBuildPhase section */
		0B94018C23B7419D005DE8CD /* Embed Frameworks */ = {
			isa = PBXCopyFilesBuildPhase;
			buildActionMask = 2147483647;
			dstPath = "";
			dstSubfolderSpec = 10;
			files = (
				0B9401EF23B74207005DE8CD /* ComposableArchitecture.framework in Embed Frameworks */,
				0B9401AB23B741B5005DE8CD /* PrimeModal.framework in Embed Frameworks */,
				0B94018823B7419D005DE8CD /* Counter.framework in Embed Frameworks */,
				0B9401CD23B741CA005DE8CD /* FavoritePrimes.framework in Embed Frameworks */,
			);
			name = "Embed Frameworks";
			runOnlyForDeploymentPostprocessing = 0;
		};
/* End PBXCopyFilesBuildPhase section */

/* Begin PBXFileReference section */
		0B3029D723BAFE4900A30E74 /* PrimeTime.playground */ = {isa = PBXFileReference; lastKnownFileType = file.playground; path = PrimeTime.playground; sourceTree = "<group>"; xcLanguageSpecificationIdentifier = xcode.lang.swift; };
		0B61346B23B9967400130320 /* FavoritePrimes.playground */ = {isa = PBXFileReference; lastKnownFileType = file.playground; name = FavoritePrimes.playground; path = ComposableArchitectureSinglePage/Playgrounds/FavoritePrimes.playground; sourceTree = SOURCE_ROOT; xcLanguageSpecificationIdentifier = xcode.lang.swift; };
		0B61346D23B9ABAD00130320 /* Counter.playground */ = {isa = PBXFileReference; lastKnownFileType = file.playground; path = Counter.playground; sourceTree = "<group>"; xcLanguageSpecificationIdentifier = xcode.lang.swift; };
		0B8C8EBE23B8546E00F79389 /* WolframAlpha.swift */ = {isa = PBXFileReference; lastKnownFileType = sourcecode.swift; path = WolframAlpha.swift; sourceTree = "<group>"; };
		0B94017223B7419D005DE8CD /* Counter.framework */ = {isa = PBXFileReference; explicitFileType = wrapper.framework; includeInIndex = 0; path = Counter.framework; sourceTree = BUILT_PRODUCTS_DIR; };
		0B94017423B7419D005DE8CD /* Counter.h */ = {isa = PBXFileReference; lastKnownFileType = sourcecode.c.h; path = Counter.h; sourceTree = "<group>"; };
		0B94017523B7419D005DE8CD /* Info.plist */ = {isa = PBXFileReference; lastKnownFileType = text.plist.xml; path = Info.plist; sourceTree = "<group>"; };
		0B94017A23B7419D005DE8CD /* CounterTests.xctest */ = {isa = PBXFileReference; explicitFileType = wrapper.cfbundle; includeInIndex = 0; path = CounterTests.xctest; sourceTree = BUILT_PRODUCTS_DIR; };
		0B94018123B7419D005DE8CD /* CounterTests.swift */ = {isa = PBXFileReference; lastKnownFileType = sourcecode.swift; path = CounterTests.swift; sourceTree = "<group>"; };
		0B94018323B7419D005DE8CD /* Info.plist */ = {isa = PBXFileReference; lastKnownFileType = text.plist.xml; path = Info.plist; sourceTree = "<group>"; };
		0B94019523B741B5005DE8CD /* PrimeModal.framework */ = {isa = PBXFileReference; explicitFileType = wrapper.framework; includeInIndex = 0; path = PrimeModal.framework; sourceTree = BUILT_PRODUCTS_DIR; };
		0B94019723B741B5005DE8CD /* PrimeModal.h */ = {isa = PBXFileReference; lastKnownFileType = sourcecode.c.h; path = PrimeModal.h; sourceTree = "<group>"; };
		0B94019823B741B5005DE8CD /* Info.plist */ = {isa = PBXFileReference; lastKnownFileType = text.plist.xml; path = Info.plist; sourceTree = "<group>"; };
		0B94019D23B741B5005DE8CD /* PrimeModalTests.xctest */ = {isa = PBXFileReference; explicitFileType = wrapper.cfbundle; includeInIndex = 0; path = PrimeModalTests.xctest; sourceTree = BUILT_PRODUCTS_DIR; };
		0B9401A423B741B5005DE8CD /* PrimeModalTests.swift */ = {isa = PBXFileReference; lastKnownFileType = sourcecode.swift; path = PrimeModalTests.swift; sourceTree = "<group>"; };
		0B9401A623B741B5005DE8CD /* Info.plist */ = {isa = PBXFileReference; lastKnownFileType = text.plist.xml; path = Info.plist; sourceTree = "<group>"; };
		0B9401B723B741C9005DE8CD /* FavoritePrimes.framework */ = {isa = PBXFileReference; explicitFileType = wrapper.framework; includeInIndex = 0; path = FavoritePrimes.framework; sourceTree = BUILT_PRODUCTS_DIR; };
		0B9401B923B741C9005DE8CD /* FavoritePrimes.h */ = {isa = PBXFileReference; lastKnownFileType = sourcecode.c.h; path = FavoritePrimes.h; sourceTree = "<group>"; };
		0B9401BA23B741C9005DE8CD /* Info.plist */ = {isa = PBXFileReference; lastKnownFileType = text.plist.xml; path = Info.plist; sourceTree = "<group>"; };
		0B9401BF23B741CA005DE8CD /* FavoritePrimesTests.xctest */ = {isa = PBXFileReference; explicitFileType = wrapper.cfbundle; includeInIndex = 0; path = FavoritePrimesTests.xctest; sourceTree = BUILT_PRODUCTS_DIR; };
		0B9401C623B741CA005DE8CD /* FavoritePrimesTests.swift */ = {isa = PBXFileReference; lastKnownFileType = sourcecode.swift; path = FavoritePrimesTests.swift; sourceTree = "<group>"; };
		0B9401C823B741CA005DE8CD /* Info.plist */ = {isa = PBXFileReference; lastKnownFileType = text.plist.xml; path = Info.plist; sourceTree = "<group>"; };
		0B9401D923B74207005DE8CD /* ComposableArchitecture.framework */ = {isa = PBXFileReference; explicitFileType = wrapper.framework; includeInIndex = 0; path = ComposableArchitecture.framework; sourceTree = BUILT_PRODUCTS_DIR; };
		0B9401DB23B74207005DE8CD /* ComposableArchitecture.h */ = {isa = PBXFileReference; lastKnownFileType = sourcecode.c.h; path = ComposableArchitecture.h; sourceTree = "<group>"; };
		0B9401DC23B74207005DE8CD /* Info.plist */ = {isa = PBXFileReference; lastKnownFileType = text.plist.xml; path = Info.plist; sourceTree = "<group>"; };
		0B9401E123B74207005DE8CD /* ComposableArchitectureTests.xctest */ = {isa = PBXFileReference; explicitFileType = wrapper.cfbundle; includeInIndex = 0; path = ComposableArchitectureTests.xctest; sourceTree = BUILT_PRODUCTS_DIR; };
		0B9401E823B74207005DE8CD /* ComposableArchitectureTests.swift */ = {isa = PBXFileReference; lastKnownFileType = sourcecode.swift; path = ComposableArchitectureTests.swift; sourceTree = "<group>"; };
		0B9401EA23B74207005DE8CD /* Info.plist */ = {isa = PBXFileReference; lastKnownFileType = text.plist.xml; path = Info.plist; sourceTree = "<group>"; };
		0B9401F623B74235005DE8CD /* ComposableArchitecture.swift */ = {isa = PBXFileReference; lastKnownFileType = sourcecode.swift; path = ComposableArchitecture.swift; sourceTree = "<group>"; };
		0B9401F823B744F8005DE8CD /* FavoritePrimes.swift */ = {isa = PBXFileReference; lastKnownFileType = sourcecode.swift; path = FavoritePrimes.swift; sourceTree = "<group>"; };
		0B9401FA23B7463A005DE8CD /* Counter.swift */ = {isa = PBXFileReference; lastKnownFileType = sourcecode.swift; path = Counter.swift; sourceTree = "<group>"; };
		0B9401FC23B74762005DE8CD /* PrimeModal.swift */ = {isa = PBXFileReference; lastKnownFileType = sourcecode.swift; path = PrimeModal.swift; sourceTree = "<group>"; };
		0BE59A27238CB0BB003DD356 /* ComposableArchitectureSinglePage.app */ = {isa = PBXFileReference; explicitFileType = wrapper.application; includeInIndex = 0; path = ComposableArchitectureSinglePage.app; sourceTree = BUILT_PRODUCTS_DIR; };
		0BE59A2A238CB0BB003DD356 /* AppDelegate.swift */ = {isa = PBXFileReference; lastKnownFileType = sourcecode.swift; path = AppDelegate.swift; sourceTree = "<group>"; };
		0BE59A2C238CB0BB003DD356 /* SceneDelegate.swift */ = {isa = PBXFileReference; lastKnownFileType = sourcecode.swift; path = SceneDelegate.swift; sourceTree = "<group>"; };
		0BE59A2E238CB0BB003DD356 /* ContentView.swift */ = {isa = PBXFileReference; lastKnownFileType = sourcecode.swift; path = ContentView.swift; sourceTree = "<group>"; };
		0BE59A30238CB0BD003DD356 /* Assets.xcassets */ = {isa = PBXFileReference; lastKnownFileType = folder.assetcatalog; path = Assets.xcassets; sourceTree = "<group>"; };
		0BE59A33238CB0BD003DD356 /* Preview Assets.xcassets */ = {isa = PBXFileReference; lastKnownFileType = folder.assetcatalog; path = "Preview Assets.xcassets"; sourceTree = "<group>"; };
		0BE59A36238CB0BD003DD356 /* Base */ = {isa = PBXFileReference; lastKnownFileType = file.storyboard; name = Base; path = Base.lproj/LaunchScreen.storyboard; sourceTree = "<group>"; };
		0BE59A38238CB0BD003DD356 /* Info.plist */ = {isa = PBXFileReference; lastKnownFileType = text.plist.xml; path = Info.plist; sourceTree = "<group>"; };
		0BE59A3D238CB0BD003DD356 /* ComposableArchitectureSinglePageTests.xctest */ = {isa = PBXFileReference; explicitFileType = wrapper.cfbundle; includeInIndex = 0; path = ComposableArchitectureSinglePageTests.xctest; sourceTree = BUILT_PRODUCTS_DIR; };
		0BE59A41238CB0BD003DD356 /* ComposableArchitectureSinglePageTests.swift */ = {isa = PBXFileReference; lastKnownFileType = sourcecode.swift; path = ComposableArchitectureSinglePageTests.swift; sourceTree = "<group>"; };
		0BE59A43238CB0BD003DD356 /* Info.plist */ = {isa = PBXFileReference; lastKnownFileType = text.plist.xml; path = Info.plist; sourceTree = "<group>"; };
		0BE59A48238CB0BD003DD356 /* ComposableArchitectureSinglePageUITests.xctest */ = {isa = PBXFileReference; explicitFileType = wrapper.cfbundle; includeInIndex = 0; path = ComposableArchitectureSinglePageUITests.xctest; sourceTree = BUILT_PRODUCTS_DIR; };
		0BE59A4C238CB0BD003DD356 /* ComposableArchitectureSinglePageUITests.swift */ = {isa = PBXFileReference; lastKnownFileType = sourcecode.swift; path = ComposableArchitectureSinglePageUITests.swift; sourceTree = "<group>"; };
		0BE59A4E238CB0BD003DD356 /* Info.plist */ = {isa = PBXFileReference; lastKnownFileType = text.plist.xml; path = Info.plist; sourceTree = "<group>"; };
		0BE59A5A238CCA9A003DD356 /* Utils.swift */ = {isa = PBXFileReference; lastKnownFileType = sourcecode.swift; path = Utils.swift; sourceTree = "<group>"; };
/* End PBXFileReference section */

/* Begin PBXFrameworksBuildPhase section */
		0B94016F23B7419D005DE8CD /* Frameworks */ = {
			isa = PBXFrameworksBuildPhase;
			buildActionMask = 2147483647;
			files = (
			);
			runOnlyForDeploymentPostprocessing = 0;
		};
		0B94017723B7419D005DE8CD /* Frameworks */ = {
			isa = PBXFrameworksBuildPhase;
			buildActionMask = 2147483647;
			files = (
				0B94017B23B7419D005DE8CD /* Counter.framework in Frameworks */,
			);
			runOnlyForDeploymentPostprocessing = 0;
		};
		0B94019223B741B5005DE8CD /* Frameworks */ = {
			isa = PBXFrameworksBuildPhase;
			buildActionMask = 2147483647;
			files = (
			);
			runOnlyForDeploymentPostprocessing = 0;
		};
		0B94019A23B741B5005DE8CD /* Frameworks */ = {
			isa = PBXFrameworksBuildPhase;
			buildActionMask = 2147483647;
			files = (
				0B94019E23B741B5005DE8CD /* PrimeModal.framework in Frameworks */,
			);
			runOnlyForDeploymentPostprocessing = 0;
		};
		0B9401B423B741C9005DE8CD /* Frameworks */ = {
			isa = PBXFrameworksBuildPhase;
			buildActionMask = 2147483647;
			files = (
			);
			runOnlyForDeploymentPostprocessing = 0;
		};
		0B9401BC23B741CA005DE8CD /* Frameworks */ = {
			isa = PBXFrameworksBuildPhase;
			buildActionMask = 2147483647;
			files = (
				0B9401C023B741CA005DE8CD /* FavoritePrimes.framework in Frameworks */,
			);
			runOnlyForDeploymentPostprocessing = 0;
		};
		0B9401D623B74207005DE8CD /* Frameworks */ = {
			isa = PBXFrameworksBuildPhase;
			buildActionMask = 2147483647;
			files = (
			);
			runOnlyForDeploymentPostprocessing = 0;
		};
		0B9401DE23B74207005DE8CD /* Frameworks */ = {
			isa = PBXFrameworksBuildPhase;
			buildActionMask = 2147483647;
			files = (
				0B9401E223B74207005DE8CD /* ComposableArchitecture.framework in Frameworks */,
			);
			runOnlyForDeploymentPostprocessing = 0;
		};
		0BE59A24238CB0BB003DD356 /* Frameworks */ = {
			isa = PBXFrameworksBuildPhase;
			buildActionMask = 2147483647;
			files = (
				0B9401CC23B741CA005DE8CD /* FavoritePrimes.framework in Frameworks */,
				0B94016C23B705A8005DE8CD /* Overture in Frameworks */,
				0B94018723B7419D005DE8CD /* Counter.framework in Frameworks */,
				0B9401AA23B741B5005DE8CD /* PrimeModal.framework in Frameworks */,
				0B9401EE23B74207005DE8CD /* ComposableArchitecture.framework in Frameworks */,
			);
			runOnlyForDeploymentPostprocessing = 0;
		};
		0BE59A3A238CB0BD003DD356 /* Frameworks */ = {
			isa = PBXFrameworksBuildPhase;
			buildActionMask = 2147483647;
			files = (
			);
			runOnlyForDeploymentPostprocessing = 0;
		};
		0BE59A45238CB0BD003DD356 /* Frameworks */ = {
			isa = PBXFrameworksBuildPhase;
			buildActionMask = 2147483647;
			files = (
			);
			runOnlyForDeploymentPostprocessing = 0;
		};
/* End PBXFrameworksBuildPhase section */

/* Begin PBXGroup section */
		0B61346C23B99A3900130320 /* Playgrounds */ = {
			isa = PBXGroup;
			children = (
				0B3029D723BAFE4900A30E74 /* PrimeTime.playground */,
				0B61346D23B9ABAD00130320 /* Counter.playground */,
				0B61346B23B9967400130320 /* FavoritePrimes.playground */,
			);
			path = Playgrounds;
			sourceTree = "<group>";
		};
		0B94017323B7419D005DE8CD /* Counter */ = {
			isa = PBXGroup;
			children = (
				0B94017423B7419D005DE8CD /* Counter.h */,
				0B94017523B7419D005DE8CD /* Info.plist */,
				0B9401FA23B7463A005DE8CD /* Counter.swift */,
				0B8C8EBE23B8546E00F79389 /* WolframAlpha.swift */,
			);
			path = Counter;
			sourceTree = "<group>";
		};
		0B94018023B7419D005DE8CD /* CounterTests */ = {
			isa = PBXGroup;
			children = (
				0B94018123B7419D005DE8CD /* CounterTests.swift */,
				0B94018323B7419D005DE8CD /* Info.plist */,
			);
			path = CounterTests;
			sourceTree = "<group>";
		};
		0B94019623B741B5005DE8CD /* PrimeModal */ = {
			isa = PBXGroup;
			children = (
				0B94019723B741B5005DE8CD /* PrimeModal.h */,
				0B94019823B741B5005DE8CD /* Info.plist */,
				0B9401FC23B74762005DE8CD /* PrimeModal.swift */,
			);
			path = PrimeModal;
			sourceTree = "<group>";
		};
		0B9401A323B741B5005DE8CD /* PrimeModalTests */ = {
			isa = PBXGroup;
			children = (
				0B9401A423B741B5005DE8CD /* PrimeModalTests.swift */,
				0B9401A623B741B5005DE8CD /* Info.plist */,
			);
			path = PrimeModalTests;
			sourceTree = "<group>";
		};
		0B9401B823B741C9005DE8CD /* FavoritePrimes */ = {
			isa = PBXGroup;
			children = (
				0B9401B923B741C9005DE8CD /* FavoritePrimes.h */,
				0B9401BA23B741C9005DE8CD /* Info.plist */,
				0B9401F823B744F8005DE8CD /* FavoritePrimes.swift */,
			);
			path = FavoritePrimes;
			sourceTree = "<group>";
		};
		0B9401C523B741CA005DE8CD /* FavoritePrimesTests */ = {
			isa = PBXGroup;
			children = (
				0B9401C623B741CA005DE8CD /* FavoritePrimesTests.swift */,
				0B9401C823B741CA005DE8CD /* Info.plist */,
			);
			path = FavoritePrimesTests;
			sourceTree = "<group>";
		};
		0B9401DA23B74207005DE8CD /* ComposableArchitecture */ = {
			isa = PBXGroup;
			children = (
				0B9401DB23B74207005DE8CD /* ComposableArchitecture.h */,
				0B9401DC23B74207005DE8CD /* Info.plist */,
				0B9401F623B74235005DE8CD /* ComposableArchitecture.swift */,
			);
			path = ComposableArchitecture;
			sourceTree = "<group>";
		};
		0B9401E723B74207005DE8CD /* ComposableArchitectureTests */ = {
			isa = PBXGroup;
			children = (
				0B9401E823B74207005DE8CD /* ComposableArchitectureTests.swift */,
				0B9401EA23B74207005DE8CD /* Info.plist */,
			);
			path = ComposableArchitectureTests;
			sourceTree = "<group>";
		};
		0BE59A1E238CB0BB003DD356 = {
			isa = PBXGroup;
			children = (
				0BE59A29238CB0BB003DD356 /* ComposableArchitectureSinglePage */,
				0BE59A40238CB0BD003DD356 /* ComposableArchitectureSinglePageTests */,
				0BE59A4B238CB0BD003DD356 /* ComposableArchitectureSinglePageUITests */,
				0B94017323B7419D005DE8CD /* Counter */,
				0B94018023B7419D005DE8CD /* CounterTests */,
				0B94019623B741B5005DE8CD /* PrimeModal */,
				0B9401A323B741B5005DE8CD /* PrimeModalTests */,
				0B9401B823B741C9005DE8CD /* FavoritePrimes */,
				0B9401C523B741CA005DE8CD /* FavoritePrimesTests */,
				0B9401DA23B74207005DE8CD /* ComposableArchitecture */,
				0B9401E723B74207005DE8CD /* ComposableArchitectureTests */,
				0BE59A28238CB0BB003DD356 /* Products */,
			);
			sourceTree = "<group>";
		};
		0BE59A28238CB0BB003DD356 /* Products */ = {
			isa = PBXGroup;
			children = (
				0BE59A27238CB0BB003DD356 /* ComposableArchitectureSinglePage.app */,
				0BE59A3D238CB0BD003DD356 /* ComposableArchitectureSinglePageTests.xctest */,
				0BE59A48238CB0BD003DD356 /* ComposableArchitectureSinglePageUITests.xctest */,
				0B94017223B7419D005DE8CD /* Counter.framework */,
				0B94017A23B7419D005DE8CD /* CounterTests.xctest */,
				0B94019523B741B5005DE8CD /* PrimeModal.framework */,
				0B94019D23B741B5005DE8CD /* PrimeModalTests.xctest */,
				0B9401B723B741C9005DE8CD /* FavoritePrimes.framework */,
				0B9401BF23B741CA005DE8CD /* FavoritePrimesTests.xctest */,
				0B9401D923B74207005DE8CD /* ComposableArchitecture.framework */,
				0B9401E123B74207005DE8CD /* ComposableArchitectureTests.xctest */,
			);
			name = Products;
			sourceTree = "<group>";
		};
		0BE59A29238CB0BB003DD356 /* ComposableArchitectureSinglePage */ = {
			isa = PBXGroup;
			children = (
				0B61346C23B99A3900130320 /* Playgrounds */,
				0BE59A2A238CB0BB003DD356 /* AppDelegate.swift */,
				0BE59A2C238CB0BB003DD356 /* SceneDelegate.swift */,
				0BE59A2E238CB0BB003DD356 /* ContentView.swift */,
				0BE59A5A238CCA9A003DD356 /* Utils.swift */,
				0BE59A30238CB0BD003DD356 /* Assets.xcassets */,
				0BE59A35238CB0BD003DD356 /* LaunchScreen.storyboard */,
				0BE59A38238CB0BD003DD356 /* Info.plist */,
				0BE59A32238CB0BD003DD356 /* Preview Content */,
			);
			path = ComposableArchitectureSinglePage;
			sourceTree = "<group>";
		};
		0BE59A32238CB0BD003DD356 /* Preview Content */ = {
			isa = PBXGroup;
			children = (
				0BE59A33238CB0BD003DD356 /* Preview Assets.xcassets */,
			);
			path = "Preview Content";
			sourceTree = "<group>";
		};
		0BE59A40238CB0BD003DD356 /* ComposableArchitectureSinglePageTests */ = {
			isa = PBXGroup;
			children = (
				0BE59A41238CB0BD003DD356 /* ComposableArchitectureSinglePageTests.swift */,
				0BE59A43238CB0BD003DD356 /* Info.plist */,
			);
			path = ComposableArchitectureSinglePageTests;
			sourceTree = "<group>";
		};
		0BE59A4B238CB0BD003DD356 /* ComposableArchitectureSinglePageUITests */ = {
			isa = PBXGroup;
			children = (
				0BE59A4C238CB0BD003DD356 /* ComposableArchitectureSinglePageUITests.swift */,
				0BE59A4E238CB0BD003DD356 /* Info.plist */,
			);
			path = ComposableArchitectureSinglePageUITests;
			sourceTree = "<group>";
		};
/* End PBXGroup section */

/* Begin PBXHeadersBuildPhase section */
		0B94016D23B7419D005DE8CD /* Headers */ = {
			isa = PBXHeadersBuildPhase;
			buildActionMask = 2147483647;
			files = (
				0B94018423B7419D005DE8CD /* Counter.h in Headers */,
			);
			runOnlyForDeploymentPostprocessing = 0;
		};
		0B94019023B741B5005DE8CD /* Headers */ = {
			isa = PBXHeadersBuildPhase;
			buildActionMask = 2147483647;
			files = (
				0B9401A723B741B5005DE8CD /* PrimeModal.h in Headers */,
			);
			runOnlyForDeploymentPostprocessing = 0;
		};
		0B9401B223B741C9005DE8CD /* Headers */ = {
			isa = PBXHeadersBuildPhase;
			buildActionMask = 2147483647;
			files = (
				0B9401C923B741CA005DE8CD /* FavoritePrimes.h in Headers */,
			);
			runOnlyForDeploymentPostprocessing = 0;
		};
		0B9401D423B74207005DE8CD /* Headers */ = {
			isa = PBXHeadersBuildPhase;
			buildActionMask = 2147483647;
			files = (
				0B9401EB23B74207005DE8CD /* ComposableArchitecture.h in Headers */,
			);
			runOnlyForDeploymentPostprocessing = 0;
		};
/* End PBXHeadersBuildPhase section */

/* Begin PBXNativeTarget section */
		0B94017123B7419D005DE8CD /* Counter */ = {
			isa = PBXNativeTarget;
			buildConfigurationList = 0B94018923B7419D005DE8CD /* Build configuration list for PBXNativeTarget "Counter" */;
			buildPhases = (
				0B94016D23B7419D005DE8CD /* Headers */,
				0B94016E23B7419D005DE8CD /* Sources */,
				0B94016F23B7419D005DE8CD /* Frameworks */,
				0B94017023B7419D005DE8CD /* Resources */,
			);
			buildRules = (
			);
			dependencies = (
				0B8C8EBD23B853AD00F79389 /* PBXTargetDependency */,
			);
			name = Counter;
			productName = Counter;
			productReference = 0B94017223B7419D005DE8CD /* Counter.framework */;
			productType = "com.apple.product-type.framework";
		};
		0B94017923B7419D005DE8CD /* CounterTests */ = {
			isa = PBXNativeTarget;
			buildConfigurationList = 0B94018D23B7419D005DE8CD /* Build configuration list for PBXNativeTarget "CounterTests" */;
			buildPhases = (
				0B94017623B7419D005DE8CD /* Sources */,
				0B94017723B7419D005DE8CD /* Frameworks */,
				0B94017823B7419D005DE8CD /* Resources */,
			);
			buildRules = (
			);
			dependencies = (
				0B94017D23B7419D005DE8CD /* PBXTargetDependency */,
				0B94017F23B7419D005DE8CD /* PBXTargetDependency */,
			);
			name = CounterTests;
			productName = CounterTests;
			productReference = 0B94017A23B7419D005DE8CD /* CounterTests.xctest */;
			productType = "com.apple.product-type.bundle.unit-test";
		};
		0B94019423B741B5005DE8CD /* PrimeModal */ = {
			isa = PBXNativeTarget;
			buildConfigurationList = 0B9401AC23B741B5005DE8CD /* Build configuration list for PBXNativeTarget "PrimeModal" */;
			buildPhases = (
				0B94019023B741B5005DE8CD /* Headers */,
				0B94019123B741B5005DE8CD /* Sources */,
				0B94019223B741B5005DE8CD /* Frameworks */,
				0B94019323B741B5005DE8CD /* Resources */,
			);
			buildRules = (
			);
			dependencies = (
			);
			name = PrimeModal;
			productName = PrimeModal;
			productReference = 0B94019523B741B5005DE8CD /* PrimeModal.framework */;
			productType = "com.apple.product-type.framework";
		};
		0B94019C23B741B5005DE8CD /* PrimeModalTests */ = {
			isa = PBXNativeTarget;
			buildConfigurationList = 0B9401AF23B741B5005DE8CD /* Build configuration list for PBXNativeTarget "PrimeModalTests" */;
			buildPhases = (
				0B94019923B741B5005DE8CD /* Sources */,
				0B94019A23B741B5005DE8CD /* Frameworks */,
				0B94019B23B741B5005DE8CD /* Resources */,
			);
			buildRules = (
			);
			dependencies = (
				0B9401A023B741B5005DE8CD /* PBXTargetDependency */,
				0B9401A223B741B5005DE8CD /* PBXTargetDependency */,
			);
			name = PrimeModalTests;
			productName = PrimeModalTests;
			productReference = 0B94019D23B741B5005DE8CD /* PrimeModalTests.xctest */;
			productType = "com.apple.product-type.bundle.unit-test";
		};
		0B9401B623B741C9005DE8CD /* FavoritePrimes */ = {
			isa = PBXNativeTarget;
			buildConfigurationList = 0B9401CE23B741CA005DE8CD /* Build configuration list for PBXNativeTarget "FavoritePrimes" */;
			buildPhases = (
				0B9401B223B741C9005DE8CD /* Headers */,
				0B9401B323B741C9005DE8CD /* Sources */,
				0B9401B423B741C9005DE8CD /* Frameworks */,
				0B9401B523B741C9005DE8CD /* Resources */,
			);
			buildRules = (
			);
			dependencies = (
			);
			name = FavoritePrimes;
			productName = FavoritePrimes;
			productReference = 0B9401B723B741C9005DE8CD /* FavoritePrimes.framework */;
			productType = "com.apple.product-type.framework";
		};
		0B9401BE23B741CA005DE8CD /* FavoritePrimesTests */ = {
			isa = PBXNativeTarget;
			buildConfigurationList = 0B9401D123B741CA005DE8CD /* Build configuration list for PBXNativeTarget "FavoritePrimesTests" */;
			buildPhases = (
				0B9401BB23B741CA005DE8CD /* Sources */,
				0B9401BC23B741CA005DE8CD /* Frameworks */,
				0B9401BD23B741CA005DE8CD /* Resources */,
			);
			buildRules = (
			);
			dependencies = (
				0B9401C223B741CA005DE8CD /* PBXTargetDependency */,
				0B9401C423B741CA005DE8CD /* PBXTargetDependency */,
			);
			name = FavoritePrimesTests;
			productName = FavoritePrimesTests;
			productReference = 0B9401BF23B741CA005DE8CD /* FavoritePrimesTests.xctest */;
			productType = "com.apple.product-type.bundle.unit-test";
		};
		0B9401D823B74207005DE8CD /* ComposableArchitecture */ = {
			isa = PBXNativeTarget;
			buildConfigurationList = 0B9401F023B74207005DE8CD /* Build configuration list for PBXNativeTarget "ComposableArchitecture" */;
			buildPhases = (
				0B9401D423B74207005DE8CD /* Headers */,
				0B9401D523B74207005DE8CD /* Sources */,
				0B9401D623B74207005DE8CD /* Frameworks */,
				0B9401D723B74207005DE8CD /* Resources */,
			);
			buildRules = (
			);
			dependencies = (
			);
			name = ComposableArchitecture;
			productName = ComposableArchitecture;
			productReference = 0B9401D923B74207005DE8CD /* ComposableArchitecture.framework */;
			productType = "com.apple.product-type.framework";
		};
		0B9401E023B74207005DE8CD /* ComposableArchitectureTests */ = {
			isa = PBXNativeTarget;
			buildConfigurationList = 0B9401F323B74207005DE8CD /* Build configuration list for PBXNativeTarget "ComposableArchitectureTests" */;
			buildPhases = (
				0B9401DD23B74207005DE8CD /* Sources */,
				0B9401DE23B74207005DE8CD /* Frameworks */,
				0B9401DF23B74207005DE8CD /* Resources */,
			);
			buildRules = (
			);
			dependencies = (
				0B9401E423B74207005DE8CD /* PBXTargetDependency */,
				0B9401E623B74207005DE8CD /* PBXTargetDependency */,
			);
			name = ComposableArchitectureTests;
			productName = ComposableArchitectureTests;
			productReference = 0B9401E123B74207005DE8CD /* ComposableArchitectureTests.xctest */;
			productType = "com.apple.product-type.bundle.unit-test";
		};
		0BE59A26238CB0BB003DD356 /* ComposableArchitectureSinglePage */ = {
			isa = PBXNativeTarget;
			buildConfigurationList = 0BE59A51238CB0BD003DD356 /* Build configuration list for PBXNativeTarget "ComposableArchitectureSinglePage" */;
			buildPhases = (
				0BE59A23238CB0BB003DD356 /* Sources */,
				0BE59A24238CB0BB003DD356 /* Frameworks */,
				0BE59A25238CB0BB003DD356 /* Resources */,
				0B94018C23B7419D005DE8CD /* Embed Frameworks */,
			);
			buildRules = (
			);
			dependencies = (
				0B94018623B7419D005DE8CD /* PBXTargetDependency */,
				0B9401A923B741B5005DE8CD /* PBXTargetDependency */,
				0B9401CB23B741CA005DE8CD /* PBXTargetDependency */,
				0B9401ED23B74207005DE8CD /* PBXTargetDependency */,
			);
			name = ComposableArchitectureSinglePage;
			packageProductDependencies = (
				0B94016B23B705A8005DE8CD /* Overture */,
			);
			productName = ComposableArchitectureSinglePage;
			productReference = 0BE59A27238CB0BB003DD356 /* ComposableArchitectureSinglePage.app */;
			productType = "com.apple.product-type.application";
		};
		0BE59A3C238CB0BD003DD356 /* ComposableArchitectureSinglePageTests */ = {
			isa = PBXNativeTarget;
			buildConfigurationList = 0BE59A54238CB0BD003DD356 /* Build configuration list for PBXNativeTarget "ComposableArchitectureSinglePageTests" */;
			buildPhases = (
				0BE59A39238CB0BD003DD356 /* Sources */,
				0BE59A3A238CB0BD003DD356 /* Frameworks */,
				0BE59A3B238CB0BD003DD356 /* Resources */,
			);
			buildRules = (
			);
			dependencies = (
				0BE59A3F238CB0BD003DD356 /* PBXTargetDependency */,
			);
			name = ComposableArchitectureSinglePageTests;
			productName = ComposableArchitectureSinglePageTests;
			productReference = 0BE59A3D238CB0BD003DD356 /* ComposableArchitectureSinglePageTests.xctest */;
			productType = "com.apple.product-type.bundle.unit-test";
		};
		0BE59A47238CB0BD003DD356 /* ComposableArchitectureSinglePageUITests */ = {
			isa = PBXNativeTarget;
			buildConfigurationList = 0BE59A57238CB0BD003DD356 /* Build configuration list for PBXNativeTarget "ComposableArchitectureSinglePageUITests" */;
			buildPhases = (
				0BE59A44238CB0BD003DD356 /* Sources */,
				0BE59A45238CB0BD003DD356 /* Frameworks */,
				0BE59A46238CB0BD003DD356 /* Resources */,
			);
			buildRules = (
			);
			dependencies = (
				0BE59A4A238CB0BD003DD356 /* PBXTargetDependency */,
			);
			name = ComposableArchitectureSinglePageUITests;
			productName = ComposableArchitectureSinglePageUITests;
			productReference = 0BE59A48238CB0BD003DD356 /* ComposableArchitectureSinglePageUITests.xctest */;
			productType = "com.apple.product-type.bundle.ui-testing";
		};
/* End PBXNativeTarget section */

/* Begin PBXProject section */
		0BE59A1F238CB0BB003DD356 /* Project object */ = {
			isa = PBXProject;
			attributes = {
				LastSwiftUpdateCheck = 1120;
				LastUpgradeCheck = 1120;
				ORGANIZATIONNAME = "Prasanna Gopalakrishnan";
				TargetAttributes = {
					0B94017123B7419D005DE8CD = {
						CreatedOnToolsVersion = 11.2.1;
						LastSwiftMigration = 1120;
					};
					0B94017923B7419D005DE8CD = {
						CreatedOnToolsVersion = 11.2.1;
					};
					0B94019423B741B5005DE8CD = {
						CreatedOnToolsVersion = 11.2.1;
						LastSwiftMigration = 1120;
					};
					0B94019C23B741B5005DE8CD = {
						CreatedOnToolsVersion = 11.2.1;
					};
					0B9401B623B741C9005DE8CD = {
						CreatedOnToolsVersion = 11.2.1;
						LastSwiftMigration = 1120;
					};
					0B9401BE23B741CA005DE8CD = {
						CreatedOnToolsVersion = 11.2.1;
					};
					0B9401D823B74207005DE8CD = {
						CreatedOnToolsVersion = 11.2.1;
						LastSwiftMigration = 1120;
					};
					0B9401E023B74207005DE8CD = {
						CreatedOnToolsVersion = 11.2.1;
					};
					0BE59A26238CB0BB003DD356 = {
						CreatedOnToolsVersion = 11.2.1;
					};
					0BE59A3C238CB0BD003DD356 = {
						CreatedOnToolsVersion = 11.2.1;
						TestTargetID = 0BE59A26238CB0BB003DD356;
					};
					0BE59A47238CB0BD003DD356 = {
						CreatedOnToolsVersion = 11.2.1;
						TestTargetID = 0BE59A26238CB0BB003DD356;
					};
				};
			};
			buildConfigurationList = 0BE59A22238CB0BB003DD356 /* Build configuration list for PBXProject "ComposableArchitectureSinglePage" */;
			compatibilityVersion = "Xcode 9.3";
			developmentRegion = en;
			hasScannedForEncodings = 0;
			knownRegions = (
				en,
				Base,
			);
			mainGroup = 0BE59A1E238CB0BB003DD356;
			packageReferences = (
				0B94016A23B705A8005DE8CD /* XCRemoteSwiftPackageReference "swift-overture" */,
			);
			productRefGroup = 0BE59A28238CB0BB003DD356 /* Products */;
			projectDirPath = "";
			projectRoot = "";
			targets = (
				0BE59A26238CB0BB003DD356 /* ComposableArchitectureSinglePage */,
				0BE59A3C238CB0BD003DD356 /* ComposableArchitectureSinglePageTests */,
				0BE59A47238CB0BD003DD356 /* ComposableArchitectureSinglePageUITests */,
				0B94017123B7419D005DE8CD /* Counter */,
				0B94017923B7419D005DE8CD /* CounterTests */,
				0B94019423B741B5005DE8CD /* PrimeModal */,
				0B94019C23B741B5005DE8CD /* PrimeModalTests */,
				0B9401B623B741C9005DE8CD /* FavoritePrimes */,
				0B9401BE23B741CA005DE8CD /* FavoritePrimesTests */,
				0B9401D823B74207005DE8CD /* ComposableArchitecture */,
				0B9401E023B74207005DE8CD /* ComposableArchitectureTests */,
			);
		};
/* End PBXProject section */

/* Begin PBXResourcesBuildPhase section */
		0B94017023B7419D005DE8CD /* Resources */ = {
			isa = PBXResourcesBuildPhase;
			buildActionMask = 2147483647;
			files = (
			);
			runOnlyForDeploymentPostprocessing = 0;
		};
		0B94017823B7419D005DE8CD /* Resources */ = {
			isa = PBXResourcesBuildPhase;
			buildActionMask = 2147483647;
			files = (
			);
			runOnlyForDeploymentPostprocessing = 0;
		};
		0B94019323B741B5005DE8CD /* Resources */ = {
			isa = PBXResourcesBuildPhase;
			buildActionMask = 2147483647;
			files = (
			);
			runOnlyForDeploymentPostprocessing = 0;
		};
		0B94019B23B741B5005DE8CD /* Resources */ = {
			isa = PBXResourcesBuildPhase;
			buildActionMask = 2147483647;
			files = (
			);
			runOnlyForDeploymentPostprocessing = 0;
		};
		0B9401B523B741C9005DE8CD /* Resources */ = {
			isa = PBXResourcesBuildPhase;
			buildActionMask = 2147483647;
			files = (
			);
			runOnlyForDeploymentPostprocessing = 0;
		};
		0B9401BD23B741CA005DE8CD /* Resources */ = {
			isa = PBXResourcesBuildPhase;
			buildActionMask = 2147483647;
			files = (
			);
			runOnlyForDeploymentPostprocessing = 0;
		};
		0B9401D723B74207005DE8CD /* Resources */ = {
			isa = PBXResourcesBuildPhase;
			buildActionMask = 2147483647;
			files = (
			);
			runOnlyForDeploymentPostprocessing = 0;
		};
		0B9401DF23B74207005DE8CD /* Resources */ = {
			isa = PBXResourcesBuildPhase;
			buildActionMask = 2147483647;
			files = (
			);
			runOnlyForDeploymentPostprocessing = 0;
		};
		0BE59A25238CB0BB003DD356 /* Resources */ = {
			isa = PBXResourcesBuildPhase;
			buildActionMask = 2147483647;
			files = (
				0BE59A37238CB0BD003DD356 /* LaunchScreen.storyboard in Resources */,
				0BE59A34238CB0BD003DD356 /* Preview Assets.xcassets in Resources */,
				0BE59A31238CB0BD003DD356 /* Assets.xcassets in Resources */,
			);
			runOnlyForDeploymentPostprocessing = 0;
		};
		0BE59A3B238CB0BD003DD356 /* Resources */ = {
			isa = PBXResourcesBuildPhase;
			buildActionMask = 2147483647;
			files = (
			);
			runOnlyForDeploymentPostprocessing = 0;
		};
		0BE59A46238CB0BD003DD356 /* Resources */ = {
			isa = PBXResourcesBuildPhase;
			buildActionMask = 2147483647;
			files = (
			);
			runOnlyForDeploymentPostprocessing = 0;
		};
/* End PBXResourcesBuildPhase section */

/* Begin PBXSourcesBuildPhase section */
		0B94016E23B7419D005DE8CD /* Sources */ = {
			isa = PBXSourcesBuildPhase;
			buildActionMask = 2147483647;
			files = (
				0B9401FB23B7463A005DE8CD /* Counter.swift in Sources */,
				0B8C8EC023B854D300F79389 /* WolframAlpha.swift in Sources */,
			);
			runOnlyForDeploymentPostprocessing = 0;
		};
		0B94017623B7419D005DE8CD /* Sources */ = {
			isa = PBXSourcesBuildPhase;
			buildActionMask = 2147483647;
			files = (
				0B94018223B7419D005DE8CD /* CounterTests.swift in Sources */,
			);
			runOnlyForDeploymentPostprocessing = 0;
		};
		0B94019123B741B5005DE8CD /* Sources */ = {
			isa = PBXSourcesBuildPhase;
			buildActionMask = 2147483647;
			files = (
				0B9401FD23B74762005DE8CD /* PrimeModal.swift in Sources */,
			);
			runOnlyForDeploymentPostprocessing = 0;
		};
		0B94019923B741B5005DE8CD /* Sources */ = {
			isa = PBXSourcesBuildPhase;
			buildActionMask = 2147483647;
			files = (
				0B9401A523B741B5005DE8CD /* PrimeModalTests.swift in Sources */,
			);
			runOnlyForDeploymentPostprocessing = 0;
		};
		0B9401B323B741C9005DE8CD /* Sources */ = {
			isa = PBXSourcesBuildPhase;
			buildActionMask = 2147483647;
			files = (
				0B9401F923B744F8005DE8CD /* FavoritePrimes.swift in Sources */,
			);
			runOnlyForDeploymentPostprocessing = 0;
		};
		0B9401BB23B741CA005DE8CD /* Sources */ = {
			isa = PBXSourcesBuildPhase;
			buildActionMask = 2147483647;
			files = (
				0B9401C723B741CA005DE8CD /* FavoritePrimesTests.swift in Sources */,
			);
			runOnlyForDeploymentPostprocessing = 0;
		};
		0B9401D523B74207005DE8CD /* Sources */ = {
			isa = PBXSourcesBuildPhase;
			buildActionMask = 2147483647;
			files = (
				0B9401F723B74235005DE8CD /* ComposableArchitecture.swift in Sources */,
			);
			runOnlyForDeploymentPostprocessing = 0;
		};
		0B9401DD23B74207005DE8CD /* Sources */ = {
			isa = PBXSourcesBuildPhase;
			buildActionMask = 2147483647;
			files = (
				0B9401E923B74207005DE8CD /* ComposableArchitectureTests.swift in Sources */,
			);
			runOnlyForDeploymentPostprocessing = 0;
		};
		0BE59A23238CB0BB003DD356 /* Sources */ = {
			isa = PBXSourcesBuildPhase;
			buildActionMask = 2147483647;
			files = (
				0BE59A2B238CB0BB003DD356 /* AppDelegate.swift in Sources */,
				0BE59A2D238CB0BB003DD356 /* SceneDelegate.swift in Sources */,
				0BE59A2F238CB0BB003DD356 /* ContentView.swift in Sources */,
				0BE59A5B238CCA9A003DD356 /* Utils.swift in Sources */,
			);
			runOnlyForDeploymentPostprocessing = 0;
		};
		0BE59A39238CB0BD003DD356 /* Sources */ = {
			isa = PBXSourcesBuildPhase;
			buildActionMask = 2147483647;
			files = (
				0BE59A42238CB0BD003DD356 /* ComposableArchitectureSinglePageTests.swift in Sources */,
			);
			runOnlyForDeploymentPostprocessing = 0;
		};
		0BE59A44238CB0BD003DD356 /* Sources */ = {
			isa = PBXSourcesBuildPhase;
			buildActionMask = 2147483647;
			files = (
				0BE59A4D238CB0BD003DD356 /* ComposableArchitectureSinglePageUITests.swift in Sources */,
			);
			runOnlyForDeploymentPostprocessing = 0;
		};
/* End PBXSourcesBuildPhase section */

/* Begin PBXTargetDependency section */
		0B8C8EBD23B853AD00F79389 /* PBXTargetDependency */ = {
			isa = PBXTargetDependency;
			target = 0B94019423B741B5005DE8CD /* PrimeModal */;
			targetProxy = 0B8C8EBC23B853AD00F79389 /* PBXContainerItemProxy */;
		};
		0B94017D23B7419D005DE8CD /* PBXTargetDependency */ = {
			isa = PBXTargetDependency;
			target = 0B94017123B7419D005DE8CD /* Counter */;
			targetProxy = 0B94017C23B7419D005DE8CD /* PBXContainerItemProxy */;
		};
		0B94017F23B7419D005DE8CD /* PBXTargetDependency */ = {
			isa = PBXTargetDependency;
			target = 0BE59A26238CB0BB003DD356 /* ComposableArchitectureSinglePage */;
			targetProxy = 0B94017E23B7419D005DE8CD /* PBXContainerItemProxy */;
		};
		0B94018623B7419D005DE8CD /* PBXTargetDependency */ = {
			isa = PBXTargetDependency;
			target = 0B94017123B7419D005DE8CD /* Counter */;
			targetProxy = 0B94018523B7419D005DE8CD /* PBXContainerItemProxy */;
		};
		0B9401A023B741B5005DE8CD /* PBXTargetDependency */ = {
			isa = PBXTargetDependency;
			target = 0B94019423B741B5005DE8CD /* PrimeModal */;
			targetProxy = 0B94019F23B741B5005DE8CD /* PBXContainerItemProxy */;
		};
		0B9401A223B741B5005DE8CD /* PBXTargetDependency */ = {
			isa = PBXTargetDependency;
			target = 0BE59A26238CB0BB003DD356 /* ComposableArchitectureSinglePage */;
			targetProxy = 0B9401A123B741B5005DE8CD /* PBXContainerItemProxy */;
		};
		0B9401A923B741B5005DE8CD /* PBXTargetDependency */ = {
			isa = PBXTargetDependency;
			target = 0B94019423B741B5005DE8CD /* PrimeModal */;
			targetProxy = 0B9401A823B741B5005DE8CD /* PBXContainerItemProxy */;
		};
		0B9401C223B741CA005DE8CD /* PBXTargetDependency */ = {
			isa = PBXTargetDependency;
			target = 0B9401B623B741C9005DE8CD /* FavoritePrimes */;
			targetProxy = 0B9401C123B741CA005DE8CD /* PBXContainerItemProxy */;
		};
		0B9401C423B741CA005DE8CD /* PBXTargetDependency */ = {
			isa = PBXTargetDependency;
			target = 0BE59A26238CB0BB003DD356 /* ComposableArchitectureSinglePage */;
			targetProxy = 0B9401C323B741CA005DE8CD /* PBXContainerItemProxy */;
		};
		0B9401CB23B741CA005DE8CD /* PBXTargetDependency */ = {
			isa = PBXTargetDependency;
			target = 0B9401B623B741C9005DE8CD /* FavoritePrimes */;
			targetProxy = 0B9401CA23B741CA005DE8CD /* PBXContainerItemProxy */;
		};
		0B9401E423B74207005DE8CD /* PBXTargetDependency */ = {
			isa = PBXTargetDependency;
			target = 0B9401D823B74207005DE8CD /* ComposableArchitecture */;
			targetProxy = 0B9401E323B74207005DE8CD /* PBXContainerItemProxy */;
		};
		0B9401E623B74207005DE8CD /* PBXTargetDependency */ = {
			isa = PBXTargetDependency;
			target = 0BE59A26238CB0BB003DD356 /* ComposableArchitectureSinglePage */;
			targetProxy = 0B9401E523B74207005DE8CD /* PBXContainerItemProxy */;
		};
		0B9401ED23B74207005DE8CD /* PBXTargetDependency */ = {
			isa = PBXTargetDependency;
			target = 0B9401D823B74207005DE8CD /* ComposableArchitecture */;
			targetProxy = 0B9401EC23B74207005DE8CD /* PBXContainerItemProxy */;
		};
		0BE59A3F238CB0BD003DD356 /* PBXTargetDependency */ = {
			isa = PBXTargetDependency;
			target = 0BE59A26238CB0BB003DD356 /* ComposableArchitectureSinglePage */;
			targetProxy = 0BE59A3E238CB0BD003DD356 /* PBXContainerItemProxy */;
		};
		0BE59A4A238CB0BD003DD356 /* PBXTargetDependency */ = {
			isa = PBXTargetDependency;
			target = 0BE59A26238CB0BB003DD356 /* ComposableArchitectureSinglePage */;
			targetProxy = 0BE59A49238CB0BD003DD356 /* PBXContainerItemProxy */;
		};
/* End PBXTargetDependency section */

/* Begin PBXVariantGroup section */
		0BE59A35238CB0BD003DD356 /* LaunchScreen.storyboard */ = {
			isa = PBXVariantGroup;
			children = (
				0BE59A36238CB0BD003DD356 /* Base */,
			);
			name = LaunchScreen.storyboard;
			sourceTree = "<group>";
		};
/* End PBXVariantGroup section */

/* Begin XCBuildConfiguration section */
		0B94018A23B7419D005DE8CD /* Debug */ = {
			isa = XCBuildConfiguration;
			buildSettings = {
				CLANG_ENABLE_MODULES = YES;
				CODE_SIGN_STYLE = Automatic;
				CURRENT_PROJECT_VERSION = 1;
				DEFINES_MODULE = YES;
				DEVELOPMENT_TEAM = B5K4UA78J5;
				DYLIB_COMPATIBILITY_VERSION = 1;
				DYLIB_CURRENT_VERSION = 1;
				DYLIB_INSTALL_NAME_BASE = "@rpath";
				INFOPLIST_FILE = Counter/Info.plist;
				INSTALL_PATH = "$(LOCAL_LIBRARY_DIR)/Frameworks";
				LD_RUNPATH_SEARCH_PATHS = (
					"$(inherited)",
					"@executable_path/Frameworks",
					"@loader_path/Frameworks",
				);
				PRODUCT_BUNDLE_IDENTIFIER = prasanna.Counter;
				PRODUCT_NAME = "$(TARGET_NAME:c99extidentifier)";
				SKIP_INSTALL = YES;
				SWIFT_OPTIMIZATION_LEVEL = "-Onone";
				SWIFT_VERSION = 5.0;
				TARGETED_DEVICE_FAMILY = "1,2";
				VERSIONING_SYSTEM = "apple-generic";
				VERSION_INFO_PREFIX = "";
			};
			name = Debug;
		};
		0B94018B23B7419D005DE8CD /* Release */ = {
			isa = XCBuildConfiguration;
			buildSettings = {
				CLANG_ENABLE_MODULES = YES;
				CODE_SIGN_STYLE = Automatic;
				CURRENT_PROJECT_VERSION = 1;
				DEFINES_MODULE = YES;
				DEVELOPMENT_TEAM = B5K4UA78J5;
				DYLIB_COMPATIBILITY_VERSION = 1;
				DYLIB_CURRENT_VERSION = 1;
				DYLIB_INSTALL_NAME_BASE = "@rpath";
				INFOPLIST_FILE = Counter/Info.plist;
				INSTALL_PATH = "$(LOCAL_LIBRARY_DIR)/Frameworks";
				LD_RUNPATH_SEARCH_PATHS = (
					"$(inherited)",
					"@executable_path/Frameworks",
					"@loader_path/Frameworks",
				);
				PRODUCT_BUNDLE_IDENTIFIER = prasanna.Counter;
				PRODUCT_NAME = "$(TARGET_NAME:c99extidentifier)";
				SKIP_INSTALL = YES;
				SWIFT_VERSION = 5.0;
				TARGETED_DEVICE_FAMILY = "1,2";
				VERSIONING_SYSTEM = "apple-generic";
				VERSION_INFO_PREFIX = "";
			};
			name = Release;
		};
		0B94018E23B7419D005DE8CD /* Debug */ = {
			isa = XCBuildConfiguration;
			buildSettings = {
				ALWAYS_EMBED_SWIFT_STANDARD_LIBRARIES = YES;
				CODE_SIGN_STYLE = Automatic;
				DEVELOPMENT_TEAM = B5K4UA78J5;
				INFOPLIST_FILE = CounterTests/Info.plist;
				LD_RUNPATH_SEARCH_PATHS = (
					"$(inherited)",
					"@executable_path/Frameworks",
					"@loader_path/Frameworks",
				);
				PRODUCT_BUNDLE_IDENTIFIER = prasanna.CounterTests;
				PRODUCT_NAME = "$(TARGET_NAME)";
				SWIFT_VERSION = 5.0;
				TARGETED_DEVICE_FAMILY = "1,2";
			};
			name = Debug;
		};
		0B94018F23B7419D005DE8CD /* Release */ = {
			isa = XCBuildConfiguration;
			buildSettings = {
				ALWAYS_EMBED_SWIFT_STANDARD_LIBRARIES = YES;
				CODE_SIGN_STYLE = Automatic;
				DEVELOPMENT_TEAM = B5K4UA78J5;
				INFOPLIST_FILE = CounterTests/Info.plist;
				LD_RUNPATH_SEARCH_PATHS = (
					"$(inherited)",
					"@executable_path/Frameworks",
					"@loader_path/Frameworks",
				);
				PRODUCT_BUNDLE_IDENTIFIER = prasanna.CounterTests;
				PRODUCT_NAME = "$(TARGET_NAME)";
				SWIFT_VERSION = 5.0;
				TARGETED_DEVICE_FAMILY = "1,2";
			};
			name = Release;
		};
		0B9401AD23B741B5005DE8CD /* Debug */ = {
			isa = XCBuildConfiguration;
			buildSettings = {
				CLANG_ENABLE_MODULES = YES;
				CODE_SIGN_STYLE = Automatic;
				CURRENT_PROJECT_VERSION = 1;
				DEFINES_MODULE = YES;
				DEVELOPMENT_TEAM = B5K4UA78J5;
				DYLIB_COMPATIBILITY_VERSION = 1;
				DYLIB_CURRENT_VERSION = 1;
				DYLIB_INSTALL_NAME_BASE = "@rpath";
				INFOPLIST_FILE = PrimeModal/Info.plist;
				INSTALL_PATH = "$(LOCAL_LIBRARY_DIR)/Frameworks";
				LD_RUNPATH_SEARCH_PATHS = (
					"$(inherited)",
					"@executable_path/Frameworks",
					"@loader_path/Frameworks",
				);
				PRODUCT_BUNDLE_IDENTIFIER = prasanna.PrimeModal;
				PRODUCT_NAME = "$(TARGET_NAME:c99extidentifier)";
				SKIP_INSTALL = YES;
				SWIFT_OPTIMIZATION_LEVEL = "-Onone";
				SWIFT_VERSION = 5.0;
				TARGETED_DEVICE_FAMILY = "1,2";
				VERSIONING_SYSTEM = "apple-generic";
				VERSION_INFO_PREFIX = "";
			};
			name = Debug;
		};
		0B9401AE23B741B5005DE8CD /* Release */ = {
			isa = XCBuildConfiguration;
			buildSettings = {
				CLANG_ENABLE_MODULES = YES;
				CODE_SIGN_STYLE = Automatic;
				CURRENT_PROJECT_VERSION = 1;
				DEFINES_MODULE = YES;
				DEVELOPMENT_TEAM = B5K4UA78J5;
				DYLIB_COMPATIBILITY_VERSION = 1;
				DYLIB_CURRENT_VERSION = 1;
				DYLIB_INSTALL_NAME_BASE = "@rpath";
				INFOPLIST_FILE = PrimeModal/Info.plist;
				INSTALL_PATH = "$(LOCAL_LIBRARY_DIR)/Frameworks";
				LD_RUNPATH_SEARCH_PATHS = (
					"$(inherited)",
					"@executable_path/Frameworks",
					"@loader_path/Frameworks",
				);
				PRODUCT_BUNDLE_IDENTIFIER = prasanna.PrimeModal;
				PRODUCT_NAME = "$(TARGET_NAME:c99extidentifier)";
				SKIP_INSTALL = YES;
				SWIFT_VERSION = 5.0;
				TARGETED_DEVICE_FAMILY = "1,2";
				VERSIONING_SYSTEM = "apple-generic";
				VERSION_INFO_PREFIX = "";
			};
			name = Release;
		};
		0B9401B023B741B5005DE8CD /* Debug */ = {
			isa = XCBuildConfiguration;
			buildSettings = {
				ALWAYS_EMBED_SWIFT_STANDARD_LIBRARIES = YES;
				CODE_SIGN_STYLE = Automatic;
				DEVELOPMENT_TEAM = B5K4UA78J5;
				INFOPLIST_FILE = PrimeModalTests/Info.plist;
				LD_RUNPATH_SEARCH_PATHS = (
					"$(inherited)",
					"@executable_path/Frameworks",
					"@loader_path/Frameworks",
				);
				PRODUCT_BUNDLE_IDENTIFIER = prasanna.PrimeModalTests;
				PRODUCT_NAME = "$(TARGET_NAME)";
				SWIFT_VERSION = 5.0;
				TARGETED_DEVICE_FAMILY = "1,2";
			};
			name = Debug;
		};
		0B9401B123B741B5005DE8CD /* Release */ = {
			isa = XCBuildConfiguration;
			buildSettings = {
				ALWAYS_EMBED_SWIFT_STANDARD_LIBRARIES = YES;
				CODE_SIGN_STYLE = Automatic;
				DEVELOPMENT_TEAM = B5K4UA78J5;
				INFOPLIST_FILE = PrimeModalTests/Info.plist;
				LD_RUNPATH_SEARCH_PATHS = (
					"$(inherited)",
					"@executable_path/Frameworks",
					"@loader_path/Frameworks",
				);
				PRODUCT_BUNDLE_IDENTIFIER = prasanna.PrimeModalTests;
				PRODUCT_NAME = "$(TARGET_NAME)";
				SWIFT_VERSION = 5.0;
				TARGETED_DEVICE_FAMILY = "1,2";
			};
			name = Release;
		};
		0B9401CF23B741CA005DE8CD /* Debug */ = {
			isa = XCBuildConfiguration;
			buildSettings = {
				CLANG_ENABLE_MODULES = YES;
				CODE_SIGN_STYLE = Automatic;
				CURRENT_PROJECT_VERSION = 1;
				DEFINES_MODULE = YES;
				DEVELOPMENT_TEAM = B5K4UA78J5;
				DYLIB_COMPATIBILITY_VERSION = 1;
				DYLIB_CURRENT_VERSION = 1;
				DYLIB_INSTALL_NAME_BASE = "@rpath";
				INFOPLIST_FILE = FavoritePrimes/Info.plist;
				INSTALL_PATH = "$(LOCAL_LIBRARY_DIR)/Frameworks";
				LD_RUNPATH_SEARCH_PATHS = (
					"$(inherited)",
					"@executable_path/Frameworks",
					"@loader_path/Frameworks",
				);
				PRODUCT_BUNDLE_IDENTIFIER = prasanna.FavoritePrimes;
				PRODUCT_NAME = "$(TARGET_NAME:c99extidentifier)";
				SKIP_INSTALL = YES;
				SWIFT_OPTIMIZATION_LEVEL = "-Onone";
				SWIFT_VERSION = 5.0;
				TARGETED_DEVICE_FAMILY = "1,2";
				VERSIONING_SYSTEM = "apple-generic";
				VERSION_INFO_PREFIX = "";
			};
			name = Debug;
		};
		0B9401D023B741CA005DE8CD /* Release */ = {
			isa = XCBuildConfiguration;
			buildSettings = {
				CLANG_ENABLE_MODULES = YES;
				CODE_SIGN_STYLE = Automatic;
				CURRENT_PROJECT_VERSION = 1;
				DEFINES_MODULE = YES;
				DEVELOPMENT_TEAM = B5K4UA78J5;
				DYLIB_COMPATIBILITY_VERSION = 1;
				DYLIB_CURRENT_VERSION = 1;
				DYLIB_INSTALL_NAME_BASE = "@rpath";
				INFOPLIST_FILE = FavoritePrimes/Info.plist;
				INSTALL_PATH = "$(LOCAL_LIBRARY_DIR)/Frameworks";
				LD_RUNPATH_SEARCH_PATHS = (
					"$(inherited)",
					"@executable_path/Frameworks",
					"@loader_path/Frameworks",
				);
				PRODUCT_BUNDLE_IDENTIFIER = prasanna.FavoritePrimes;
				PRODUCT_NAME = "$(TARGET_NAME:c99extidentifier)";
				SKIP_INSTALL = YES;
				SWIFT_VERSION = 5.0;
				TARGETED_DEVICE_FAMILY = "1,2";
				VERSIONING_SYSTEM = "apple-generic";
				VERSION_INFO_PREFIX = "";
			};
			name = Release;
		};
		0B9401D223B741CA005DE8CD /* Debug */ = {
			isa = XCBuildConfiguration;
			buildSettings = {
				ALWAYS_EMBED_SWIFT_STANDARD_LIBRARIES = YES;
				CODE_SIGN_STYLE = Automatic;
				DEVELOPMENT_TEAM = B5K4UA78J5;
				INFOPLIST_FILE = FavoritePrimesTests/Info.plist;
				LD_RUNPATH_SEARCH_PATHS = (
					"$(inherited)",
					"@executable_path/Frameworks",
					"@loader_path/Frameworks",
				);
				PRODUCT_BUNDLE_IDENTIFIER = prasanna.FavoritePrimesTests;
				PRODUCT_NAME = "$(TARGET_NAME)";
				SWIFT_VERSION = 5.0;
				TARGETED_DEVICE_FAMILY = "1,2";
			};
			name = Debug;
		};
		0B9401D323B741CA005DE8CD /* Release */ = {
			isa = XCBuildConfiguration;
			buildSettings = {
				ALWAYS_EMBED_SWIFT_STANDARD_LIBRARIES = YES;
				CODE_SIGN_STYLE = Automatic;
				DEVELOPMENT_TEAM = B5K4UA78J5;
				INFOPLIST_FILE = FavoritePrimesTests/Info.plist;
				LD_RUNPATH_SEARCH_PATHS = (
					"$(inherited)",
					"@executable_path/Frameworks",
					"@loader_path/Frameworks",
				);
				PRODUCT_BUNDLE_IDENTIFIER = prasanna.FavoritePrimesTests;
				PRODUCT_NAME = "$(TARGET_NAME)";
				SWIFT_VERSION = 5.0;
				TARGETED_DEVICE_FAMILY = "1,2";
			};
			name = Release;
		};
		0B9401F123B74207005DE8CD /* Debug */ = {
			isa = XCBuildConfiguration;
			buildSettings = {
				CLANG_ENABLE_MODULES = YES;
				CODE_SIGN_STYLE = Automatic;
				CURRENT_PROJECT_VERSION = 1;
				DEFINES_MODULE = YES;
				DEVELOPMENT_TEAM = B5K4UA78J5;
				DYLIB_COMPATIBILITY_VERSION = 1;
				DYLIB_CURRENT_VERSION = 1;
				DYLIB_INSTALL_NAME_BASE = "@rpath";
				INFOPLIST_FILE = ComposableArchitecture/Info.plist;
				INSTALL_PATH = "$(LOCAL_LIBRARY_DIR)/Frameworks";
				LD_RUNPATH_SEARCH_PATHS = (
					"$(inherited)",
					"@executable_path/Frameworks",
					"@loader_path/Frameworks",
				);
				PRODUCT_BUNDLE_IDENTIFIER = prasanna.ComposableArchitecture;
				PRODUCT_NAME = "$(TARGET_NAME:c99extidentifier)";
				SKIP_INSTALL = YES;
				SWIFT_OPTIMIZATION_LEVEL = "-Onone";
				SWIFT_VERSION = 5.0;
				TARGETED_DEVICE_FAMILY = "1,2";
				VERSIONING_SYSTEM = "apple-generic";
				VERSION_INFO_PREFIX = "";
			};
			name = Debug;
		};
		0B9401F223B74207005DE8CD /* Release */ = {
			isa = XCBuildConfiguration;
			buildSettings = {
				CLANG_ENABLE_MODULES = YES;
				CODE_SIGN_STYLE = Automatic;
				CURRENT_PROJECT_VERSION = 1;
				DEFINES_MODULE = YES;
				DEVELOPMENT_TEAM = B5K4UA78J5;
				DYLIB_COMPATIBILITY_VERSION = 1;
				DYLIB_CURRENT_VERSION = 1;
				DYLIB_INSTALL_NAME_BASE = "@rpath";
				INFOPLIST_FILE = ComposableArchitecture/Info.plist;
				INSTALL_PATH = "$(LOCAL_LIBRARY_DIR)/Frameworks";
				LD_RUNPATH_SEARCH_PATHS = (
					"$(inherited)",
					"@executable_path/Frameworks",
					"@loader_path/Frameworks",
				);
				PRODUCT_BUNDLE_IDENTIFIER = prasanna.ComposableArchitecture;
				PRODUCT_NAME = "$(TARGET_NAME:c99extidentifier)";
				SKIP_INSTALL = YES;
				SWIFT_VERSION = 5.0;
				TARGETED_DEVICE_FAMILY = "1,2";
				VERSIONING_SYSTEM = "apple-generic";
				VERSION_INFO_PREFIX = "";
			};
			name = Release;
		};
		0B9401F423B74207005DE8CD /* Debug */ = {
			isa = XCBuildConfiguration;
			buildSettings = {
				ALWAYS_EMBED_SWIFT_STANDARD_LIBRARIES = YES;
				CODE_SIGN_STYLE = Automatic;
				DEVELOPMENT_TEAM = B5K4UA78J5;
				INFOPLIST_FILE = ComposableArchitectureTests/Info.plist;
				LD_RUNPATH_SEARCH_PATHS = (
					"$(inherited)",
					"@executable_path/Frameworks",
					"@loader_path/Frameworks",
				);
				PRODUCT_BUNDLE_IDENTIFIER = prasanna.ComposableArchitectureTests;
				PRODUCT_NAME = "$(TARGET_NAME)";
				SWIFT_VERSION = 5.0;
				TARGETED_DEVICE_FAMILY = "1,2";
			};
			name = Debug;
		};
		0B9401F523B74207005DE8CD /* Release */ = {
			isa = XCBuildConfiguration;
			buildSettings = {
				ALWAYS_EMBED_SWIFT_STANDARD_LIBRARIES = YES;
				CODE_SIGN_STYLE = Automatic;
				DEVELOPMENT_TEAM = B5K4UA78J5;
				INFOPLIST_FILE = ComposableArchitectureTests/Info.plist;
				LD_RUNPATH_SEARCH_PATHS = (
					"$(inherited)",
					"@executable_path/Frameworks",
					"@loader_path/Frameworks",
				);
				PRODUCT_BUNDLE_IDENTIFIER = prasanna.ComposableArchitectureTests;
				PRODUCT_NAME = "$(TARGET_NAME)";
				SWIFT_VERSION = 5.0;
				TARGETED_DEVICE_FAMILY = "1,2";
			};
			name = Release;
		};
		0BE59A4F238CB0BD003DD356 /* Debug */ = {
			isa = XCBuildConfiguration;
			buildSettings = {
				ALWAYS_SEARCH_USER_PATHS = NO;
				CLANG_ANALYZER_NONNULL = YES;
				CLANG_ANALYZER_NUMBER_OBJECT_CONVERSION = YES_AGGRESSIVE;
				CLANG_CXX_LANGUAGE_STANDARD = "gnu++14";
				CLANG_CXX_LIBRARY = "libc++";
				CLANG_ENABLE_MODULES = YES;
				CLANG_ENABLE_OBJC_ARC = YES;
				CLANG_ENABLE_OBJC_WEAK = YES;
				CLANG_WARN_BLOCK_CAPTURE_AUTORELEASING = YES;
				CLANG_WARN_BOOL_CONVERSION = YES;
				CLANG_WARN_COMMA = YES;
				CLANG_WARN_CONSTANT_CONVERSION = YES;
				CLANG_WARN_DEPRECATED_OBJC_IMPLEMENTATIONS = YES;
				CLANG_WARN_DIRECT_OBJC_ISA_USAGE = YES_ERROR;
				CLANG_WARN_DOCUMENTATION_COMMENTS = YES;
				CLANG_WARN_EMPTY_BODY = YES;
				CLANG_WARN_ENUM_CONVERSION = YES;
				CLANG_WARN_INFINITE_RECURSION = YES;
				CLANG_WARN_INT_CONVERSION = YES;
				CLANG_WARN_NON_LITERAL_NULL_CONVERSION = YES;
				CLANG_WARN_OBJC_IMPLICIT_RETAIN_SELF = YES;
				CLANG_WARN_OBJC_LITERAL_CONVERSION = YES;
				CLANG_WARN_OBJC_ROOT_CLASS = YES_ERROR;
				CLANG_WARN_RANGE_LOOP_ANALYSIS = YES;
				CLANG_WARN_STRICT_PROTOTYPES = YES;
				CLANG_WARN_SUSPICIOUS_MOVE = YES;
				CLANG_WARN_UNGUARDED_AVAILABILITY = YES_AGGRESSIVE;
				CLANG_WARN_UNREACHABLE_CODE = YES;
				CLANG_WARN__DUPLICATE_METHOD_MATCH = YES;
				COPY_PHASE_STRIP = NO;
				DEBUG_INFORMATION_FORMAT = dwarf;
				ENABLE_STRICT_OBJC_MSGSEND = YES;
				ENABLE_TESTABILITY = YES;
				GCC_C_LANGUAGE_STANDARD = gnu11;
				GCC_DYNAMIC_NO_PIC = NO;
				GCC_NO_COMMON_BLOCKS = YES;
				GCC_OPTIMIZATION_LEVEL = 0;
				GCC_PREPROCESSOR_DEFINITIONS = (
					"DEBUG=1",
					"$(inherited)",
				);
				GCC_WARN_64_TO_32_BIT_CONVERSION = YES;
				GCC_WARN_ABOUT_RETURN_TYPE = YES_ERROR;
				GCC_WARN_UNDECLARED_SELECTOR = YES;
				GCC_WARN_UNINITIALIZED_AUTOS = YES_AGGRESSIVE;
				GCC_WARN_UNUSED_FUNCTION = YES;
				GCC_WARN_UNUSED_VARIABLE = YES;
				IPHONEOS_DEPLOYMENT_TARGET = 13.2;
				MTL_ENABLE_DEBUG_INFO = INCLUDE_SOURCE;
				MTL_FAST_MATH = YES;
				ONLY_ACTIVE_ARCH = YES;
				SDKROOT = iphoneos;
				SWIFT_ACTIVE_COMPILATION_CONDITIONS = DEBUG;
				SWIFT_OPTIMIZATION_LEVEL = "-Onone";
			};
			name = Debug;
		};
		0BE59A50238CB0BD003DD356 /* Release */ = {
			isa = XCBuildConfiguration;
			buildSettings = {
				ALWAYS_SEARCH_USER_PATHS = NO;
				CLANG_ANALYZER_NONNULL = YES;
				CLANG_ANALYZER_NUMBER_OBJECT_CONVERSION = YES_AGGRESSIVE;
				CLANG_CXX_LANGUAGE_STANDARD = "gnu++14";
				CLANG_CXX_LIBRARY = "libc++";
				CLANG_ENABLE_MODULES = YES;
				CLANG_ENABLE_OBJC_ARC = YES;
				CLANG_ENABLE_OBJC_WEAK = YES;
				CLANG_WARN_BLOCK_CAPTURE_AUTORELEASING = YES;
				CLANG_WARN_BOOL_CONVERSION = YES;
				CLANG_WARN_COMMA = YES;
				CLANG_WARN_CONSTANT_CONVERSION = YES;
				CLANG_WARN_DEPRECATED_OBJC_IMPLEMENTATIONS = YES;
				CLANG_WARN_DIRECT_OBJC_ISA_USAGE = YES_ERROR;
				CLANG_WARN_DOCUMENTATION_COMMENTS = YES;
				CLANG_WARN_EMPTY_BODY = YES;
				CLANG_WARN_ENUM_CONVERSION = YES;
				CLANG_WARN_INFINITE_RECURSION = YES;
				CLANG_WARN_INT_CONVERSION = YES;
				CLANG_WARN_NON_LITERAL_NULL_CONVERSION = YES;
				CLANG_WARN_OBJC_IMPLICIT_RETAIN_SELF = YES;
				CLANG_WARN_OBJC_LITERAL_CONVERSION = YES;
				CLANG_WARN_OBJC_ROOT_CLASS = YES_ERROR;
				CLANG_WARN_RANGE_LOOP_ANALYSIS = YES;
				CLANG_WARN_STRICT_PROTOTYPES = YES;
				CLANG_WARN_SUSPICIOUS_MOVE = YES;
				CLANG_WARN_UNGUARDED_AVAILABILITY = YES_AGGRESSIVE;
				CLANG_WARN_UNREACHABLE_CODE = YES;
				CLANG_WARN__DUPLICATE_METHOD_MATCH = YES;
				COPY_PHASE_STRIP = NO;
				DEBUG_INFORMATION_FORMAT = "dwarf-with-dsym";
				ENABLE_NS_ASSERTIONS = NO;
				ENABLE_STRICT_OBJC_MSGSEND = YES;
				GCC_C_LANGUAGE_STANDARD = gnu11;
				GCC_NO_COMMON_BLOCKS = YES;
				GCC_WARN_64_TO_32_BIT_CONVERSION = YES;
				GCC_WARN_ABOUT_RETURN_TYPE = YES_ERROR;
				GCC_WARN_UNDECLARED_SELECTOR = YES;
				GCC_WARN_UNINITIALIZED_AUTOS = YES_AGGRESSIVE;
				GCC_WARN_UNUSED_FUNCTION = YES;
				GCC_WARN_UNUSED_VARIABLE = YES;
				IPHONEOS_DEPLOYMENT_TARGET = 13.2;
				MTL_ENABLE_DEBUG_INFO = NO;
				MTL_FAST_MATH = YES;
				SDKROOT = iphoneos;
				SWIFT_COMPILATION_MODE = wholemodule;
				SWIFT_OPTIMIZATION_LEVEL = "-O";
				VALIDATE_PRODUCT = YES;
			};
			name = Release;
		};
		0BE59A52238CB0BD003DD356 /* Debug */ = {
			isa = XCBuildConfiguration;
			buildSettings = {
				ALWAYS_EMBED_SWIFT_STANDARD_LIBRARIES = YES;
				ASSETCATALOG_COMPILER_APPICON_NAME = AppIcon;
				CODE_SIGN_STYLE = Automatic;
				DEVELOPMENT_ASSET_PATHS = "\"ComposableArchitectureSinglePage/Preview Content\"";
				DEVELOPMENT_TEAM = B5K4UA78J5;
				ENABLE_PREVIEWS = YES;
				INFOPLIST_FILE = ComposableArchitectureSinglePage/Info.plist;
				LD_RUNPATH_SEARCH_PATHS = (
					"$(inherited)",
					"@executable_path/Frameworks",
				);
				PRODUCT_BUNDLE_IDENTIFIER = prasanna.ComposableArchitectureSinglePage;
				PRODUCT_NAME = "$(TARGET_NAME)";
				SWIFT_VERSION = 5.0;
				TARGETED_DEVICE_FAMILY = "1,2";
			};
			name = Debug;
		};
		0BE59A53238CB0BD003DD356 /* Release */ = {
			isa = XCBuildConfiguration;
			buildSettings = {
				ALWAYS_EMBED_SWIFT_STANDARD_LIBRARIES = YES;
				ASSETCATALOG_COMPILER_APPICON_NAME = AppIcon;
				CODE_SIGN_STYLE = Automatic;
				DEVELOPMENT_ASSET_PATHS = "\"ComposableArchitectureSinglePage/Preview Content\"";
				DEVELOPMENT_TEAM = B5K4UA78J5;
				ENABLE_PREVIEWS = YES;
				INFOPLIST_FILE = ComposableArchitectureSinglePage/Info.plist;
				LD_RUNPATH_SEARCH_PATHS = (
					"$(inherited)",
					"@executable_path/Frameworks",
				);
				PRODUCT_BUNDLE_IDENTIFIER = prasanna.ComposableArchitectureSinglePage;
				PRODUCT_NAME = "$(TARGET_NAME)";
				SWIFT_VERSION = 5.0;
				TARGETED_DEVICE_FAMILY = "1,2";
			};
			name = Release;
		};
		0BE59A55238CB0BD003DD356 /* Debug */ = {
			isa = XCBuildConfiguration;
			buildSettings = {
				ALWAYS_EMBED_SWIFT_STANDARD_LIBRARIES = YES;
				CODE_SIGN_STYLE = Automatic;
				DEVELOPMENT_TEAM = B5K4UA78J5;
				INFOPLIST_FILE = ComposableArchitectureSinglePageTests/Info.plist;
				IPHONEOS_DEPLOYMENT_TARGET = 13.2;
				LD_RUNPATH_SEARCH_PATHS = (
					"$(inherited)",
					"@executable_path/Frameworks",
					"@loader_path/Frameworks",
				);
				PRODUCT_BUNDLE_IDENTIFIER = prasanna.ComposableArchitectureSinglePageTests;
				PRODUCT_NAME = "$(TARGET_NAME)";
				SWIFT_VERSION = 5.0;
				TARGETED_DEVICE_FAMILY = "1,2";
				TEST_HOST = "$(BUILT_PRODUCTS_DIR)/ComposableArchitectureSinglePage.app/ComposableArchitectureSinglePage";
			};
			name = Debug;
		};
		0BE59A56238CB0BD003DD356 /* Release */ = {
			isa = XCBuildConfiguration;
			buildSettings = {
				ALWAYS_EMBED_SWIFT_STANDARD_LIBRARIES = YES;
				CODE_SIGN_STYLE = Automatic;
				DEVELOPMENT_TEAM = B5K4UA78J5;
				INFOPLIST_FILE = ComposableArchitectureSinglePageTests/Info.plist;
				IPHONEOS_DEPLOYMENT_TARGET = 13.2;
				LD_RUNPATH_SEARCH_PATHS = (
					"$(inherited)",
					"@executable_path/Frameworks",
					"@loader_path/Frameworks",
				);
				PRODUCT_BUNDLE_IDENTIFIER = prasanna.ComposableArchitectureSinglePageTests;
				PRODUCT_NAME = "$(TARGET_NAME)";
				SWIFT_VERSION = 5.0;
				TARGETED_DEVICE_FAMILY = "1,2";
				TEST_HOST = "$(BUILT_PRODUCTS_DIR)/ComposableArchitectureSinglePage.app/ComposableArchitectureSinglePage";
			};
			name = Release;
		};
		0BE59A58238CB0BD003DD356 /* Debug */ = {
			isa = XCBuildConfiguration;
			buildSettings = {
				ALWAYS_EMBED_SWIFT_STANDARD_LIBRARIES = YES;
				CODE_SIGN_STYLE = Automatic;
				DEVELOPMENT_TEAM = B5K4UA78J5;
				INFOPLIST_FILE = ComposableArchitectureSinglePageUITests/Info.plist;
				LD_RUNPATH_SEARCH_PATHS = (
					"$(inherited)",
					"@executable_path/Frameworks",
					"@loader_path/Frameworks",
				);
				PRODUCT_BUNDLE_IDENTIFIER = prasanna.ComposableArchitectureSinglePageUITests;
				PRODUCT_NAME = "$(TARGET_NAME)";
				SWIFT_VERSION = 5.0;
				TARGETED_DEVICE_FAMILY = "1,2";
				TEST_TARGET_NAME = ComposableArchitectureSinglePage;
			};
			name = Debug;
		};
		0BE59A59238CB0BD003DD356 /* Release */ = {
			isa = XCBuildConfiguration;
			buildSettings = {
				ALWAYS_EMBED_SWIFT_STANDARD_LIBRARIES = YES;
				CODE_SIGN_STYLE = Automatic;
				DEVELOPMENT_TEAM = B5K4UA78J5;
				INFOPLIST_FILE = ComposableArchitectureSinglePageUITests/Info.plist;
				LD_RUNPATH_SEARCH_PATHS = (
					"$(inherited)",
					"@executable_path/Frameworks",
					"@loader_path/Frameworks",
				);
				PRODUCT_BUNDLE_IDENTIFIER = prasanna.ComposableArchitectureSinglePageUITests;
				PRODUCT_NAME = "$(TARGET_NAME)";
				SWIFT_VERSION = 5.0;
				TARGETED_DEVICE_FAMILY = "1,2";
				TEST_TARGET_NAME = ComposableArchitectureSinglePage;
			};
			name = Release;
		};
/* End XCBuildConfiguration section */

/* Begin XCConfigurationList section */
		0B94018923B7419D005DE8CD /* Build configuration list for PBXNativeTarget "Counter" */ = {
			isa = XCConfigurationList;
			buildConfigurations = (
				0B94018A23B7419D005DE8CD /* Debug */,
				0B94018B23B7419D005DE8CD /* Release */,
			);
			defaultConfigurationIsVisible = 0;
			defaultConfigurationName = Release;
		};
		0B94018D23B7419D005DE8CD /* Build configuration list for PBXNativeTarget "CounterTests" */ = {
			isa = XCConfigurationList;
			buildConfigurations = (
				0B94018E23B7419D005DE8CD /* Debug */,
				0B94018F23B7419D005DE8CD /* Release */,
			);
			defaultConfigurationIsVisible = 0;
			defaultConfigurationName = Release;
		};
		0B9401AC23B741B5005DE8CD /* Build configuration list for PBXNativeTarget "PrimeModal" */ = {
			isa = XCConfigurationList;
			buildConfigurations = (
				0B9401AD23B741B5005DE8CD /* Debug */,
				0B9401AE23B741B5005DE8CD /* Release */,
			);
			defaultConfigurationIsVisible = 0;
			defaultConfigurationName = Release;
		};
		0B9401AF23B741B5005DE8CD /* Build configuration list for PBXNativeTarget "PrimeModalTests" */ = {
			isa = XCConfigurationList;
			buildConfigurations = (
				0B9401B023B741B5005DE8CD /* Debug */,
				0B9401B123B741B5005DE8CD /* Release */,
			);
			defaultConfigurationIsVisible = 0;
			defaultConfigurationName = Release;
		};
		0B9401CE23B741CA005DE8CD /* Build configuration list for PBXNativeTarget "FavoritePrimes" */ = {
			isa = XCConfigurationList;
			buildConfigurations = (
				0B9401CF23B741CA005DE8CD /* Debug */,
				0B9401D023B741CA005DE8CD /* Release */,
			);
			defaultConfigurationIsVisible = 0;
			defaultConfigurationName = Release;
		};
		0B9401D123B741CA005DE8CD /* Build configuration list for PBXNativeTarget "FavoritePrimesTests" */ = {
			isa = XCConfigurationList;
			buildConfigurations = (
				0B9401D223B741CA005DE8CD /* Debug */,
				0B9401D323B741CA005DE8CD /* Release */,
			);
			defaultConfigurationIsVisible = 0;
			defaultConfigurationName = Release;
		};
		0B9401F023B74207005DE8CD /* Build configuration list for PBXNativeTarget "ComposableArchitecture" */ = {
			isa = XCConfigurationList;
			buildConfigurations = (
				0B9401F123B74207005DE8CD /* Debug */,
				0B9401F223B74207005DE8CD /* Release */,
			);
			defaultConfigurationIsVisible = 0;
			defaultConfigurationName = Release;
		};
		0B9401F323B74207005DE8CD /* Build configuration list for PBXNativeTarget "ComposableArchitectureTests" */ = {
			isa = XCConfigurationList;
			buildConfigurations = (
				0B9401F423B74207005DE8CD /* Debug */,
				0B9401F523B74207005DE8CD /* Release */,
			);
			defaultConfigurationIsVisible = 0;
			defaultConfigurationName = Release;
		};
		0BE59A22238CB0BB003DD356 /* Build configuration list for PBXProject "ComposableArchitectureSinglePage" */ = {
			isa = XCConfigurationList;
			buildConfigurations = (
				0BE59A4F238CB0BD003DD356 /* Debug */,
				0BE59A50238CB0BD003DD356 /* Release */,
			);
			defaultConfigurationIsVisible = 0;
			defaultConfigurationName = Release;
		};
		0BE59A51238CB0BD003DD356 /* Build configuration list for PBXNativeTarget "ComposableArchitectureSinglePage" */ = {
			isa = XCConfigurationList;
			buildConfigurations = (
				0BE59A52238CB0BD003DD356 /* Debug */,
				0BE59A53238CB0BD003DD356 /* Release */,
			);
			defaultConfigurationIsVisible = 0;
			defaultConfigurationName = Release;
		};
		0BE59A54238CB0BD003DD356 /* Build configuration list for PBXNativeTarget "ComposableArchitectureSinglePageTests" */ = {
			isa = XCConfigurationList;
			buildConfigurations = (
				0BE59A55238CB0BD003DD356 /* Debug */,
				0BE59A56238CB0BD003DD356 /* Release */,
			);
			defaultConfigurationIsVisible = 0;
			defaultConfigurationName = Release;
		};
		0BE59A57238CB0BD003DD356 /* Build configuration list for PBXNativeTarget "ComposableArchitectureSinglePageUITests" */ = {
			isa = XCConfigurationList;
			buildConfigurations = (
				0BE59A58238CB0BD003DD356 /* Debug */,
				0BE59A59238CB0BD003DD356 /* Release */,
			);
			defaultConfigurationIsVisible = 0;
			defaultConfigurationName = Release;
		};
/* End XCConfigurationList section */

/* Begin XCRemoteSwiftPackageReference section */
		0B94016A23B705A8005DE8CD /* XCRemoteSwiftPackageReference "swift-overture" */ = {
			isa = XCRemoteSwiftPackageReference;
			repositoryURL = "https://github.com/pointfreeco/swift-overture.git";
			requirement = {
				kind = upToNextMajorVersion;
				minimumVersion = 0.5.0;
			};
		};
/* End XCRemoteSwiftPackageReference section */

/* Begin XCSwiftPackageProductDependency section */
		0B94016B23B705A8005DE8CD /* Overture */ = {
			isa = XCSwiftPackageProductDependency;
			package = 0B94016A23B705A8005DE8CD /* XCRemoteSwiftPackageReference "swift-overture" */;
			productName = Overture;
		};
/* End XCSwiftPackageProductDependency section */
	};
	rootObject = 0BE59A1F238CB0BB003DD356 /* Project object */;
}
